schema: '2.0'
stages:
  preprocess:
    cmd: uv run python -m eeg_learning.pipeline.preprocess
    params:
      eeg_learning/config/params.toml:
        data:
          use_tuab: true
          use_tueg: false
          n_tuab: 2993
          n_tueg: 50
          n_load: 100
          preload: false
          tuab_path: E:/TUAB
          tueg_path: ''
          load_saved_recordings: false
          save_recordings: true
          save_recordings_path: ./target/saved_recordings
          load_saved_windows: false
          save_windows: true
          save_windows_path: ./target/saved_windows
          relabel_datasets: ''
          relabel_labels: ./data/relabel_labels.csv
        preprocessing:
          bandpass_filter: false
          low_cut_hz: 4.0
          high_cut_hz: 38.0
          standardization: true
          factor_new: 0.001
          init_block_size: 1000
          max_abs_val: 800
          sampling_freq: 100
        run:
          mne_log_level: WARNING
          n_repetitions: 1
          random_state: 87
          n_jobs: 8
          use_azure_artifacts: false
          azure_artifact_root: 
            wasbs://mlflow-artifacts@medshedeegwinstack.blob.core.windows.net/experiments
          experiment_name: eeg_learning
        windowing:
          window_len_s: 60
          multiple: 0
          tmin: 300
          sec_to_cut: 60
          duration_recording_sec: 1200
          channels:
          - EEG FP1-REF
          - EEG FP2-REF
          - EEG F3-REF
          - EEG F4-REF
          - EEG C3-REF
          - EEG C4-REF
          - EEG P3-REF
          - EEG P4-REF
          - EEG O1-REF
          - EEG O2-REF
          - EEG F7-REF
          - EEG F8-REF
          - EEG T3-REF
          - EEG T4-REF
          - EEG T5-REF
          - EEG T6-REF
          - EEG FZ-REF
          - EEG PZ-REF
          - EEG CZ-REF
    outs:
    - path: target/saved_windows
      hash: md5
      md5: 77a11aff4e217b11dda0b09802406dee.dir
      size: 26358566777
      nfiles: 11972
  train:
    cmd: uv run python -m eeg_learning.pipeline.train
    deps:
    - path: ./target/saved_windows
      hash: md5
      md5: 77a11aff4e217b11dda0b09802406dee.dir
      size: 26358566777
      nfiles: 11972
    params:
      eeg_learning/config/params.toml:
        model:
          name: tcn
          final_conv_length: auto
          dropout: 0.1
          deep4:
            activation: elu
            batch_norm_alpha: 0.1
            n_filters_time: 25
            n_filters_spat: 25
            filter_time_length: 10
            pool_time_length: 3
            pool_time_stride: 3
            n_filters_2: 50
            filter_length_2: 10
            n_filters_3: 100
            filter_length_3: 10
            n_filters_4: 200
            filter_length_4: 10
            first_pool_mode: max
            later_pool_mode: max
            double_time_convs: false
            split_first_layer: true
            batch_norm: true
            stride_before_pool: false
          tcn:
            kernel_size: 11
            n_blocks: 5
            n_filters: 55
            add_log_softmax: true
            last_layer_type: max_pool
            dropout: 0.05270154233150525
          shallow:
            n_filters_time: 40
            filter_time_length: 25
            n_filters_spat: 40
            pool_time_length: 75
            pool_time_stride: 15
            split_first_layer: true
            batch_norm: true
            batch_norm_alpha: 0.1
          vit:
            patch_size: 10
            dim: 64
            depth: 6
            heads: 16
            mlp_dim: 64
            emb_dropout: 0.1
        run:
          mne_log_level: WARNING
          n_repetitions: 1
          random_state: 87
          n_jobs: 8
          use_azure_artifacts: false
          azure_artifact_root: 
            wasbs://mlflow-artifacts@medshedeegwinstack.blob.core.windows.net/experiments
          experiment_name: eeg_learning
        split:
          split_way: folder
          train_size: 0.8
          valid_size: 0.1
          test_size: 0.1
          shuffle: true
        training:
          learning_rate: 0.001
          weight_decay: 0.0005
          batch_size: 8
          n_epochs: 25
          n_classes: 2
          test_on_eval: true
          earlystopping: true
          es_patience: 8
          es_threshold: 0.001
          checkpoint_dir: ''
    outs:
    - path: target/saved_models/window_model
      hash: md5
      md5: 4459bd0a818a80e3095247fea6717d1e.dir
      size: 1268046
      nfiles: 1
  evaluate:
    cmd: uv run python -m eeg_learning.pipeline.evaluate
    deps:
    - path: target/saved_windows
      hash: md5
      md5: 77a11aff4e217b11dda0b09802406dee.dir
      size: 26358566777
      nfiles: 11972
    - path: target/saved_models/window_model
      hash: md5
      md5: 4459bd0a818a80e3095247fea6717d1e.dir
      size: 1268046
      nfiles: 1
    params:
      eeg_learning/config/params.toml:
        model:
          name: tcn
          final_conv_length: auto
          dropout: 0.1
          deep4:
            activation: elu
            batch_norm_alpha: 0.1
            n_filters_time: 25
            n_filters_spat: 25
            filter_time_length: 10
            pool_time_length: 3
            pool_time_stride: 3
            n_filters_2: 50
            filter_length_2: 10
            n_filters_3: 100
            filter_length_3: 10
            n_filters_4: 200
            filter_length_4: 10
            first_pool_mode: max
            later_pool_mode: max
            double_time_convs: false
            split_first_layer: true
            batch_norm: true
            stride_before_pool: false
          tcn:
            kernel_size: 11
            n_blocks: 5
            n_filters: 55
            add_log_softmax: true
            last_layer_type: max_pool
            dropout: 0.05270154233150525
          shallow:
            n_filters_time: 40
            filter_time_length: 25
            n_filters_spat: 40
            pool_time_length: 75
            pool_time_stride: 15
            split_first_layer: true
            batch_norm: true
            batch_norm_alpha: 0.1
          vit:
            patch_size: 10
            dim: 64
            depth: 6
            heads: 16
            mlp_dim: 64
            emb_dropout: 0.1
        output.training_detail_path: ./target/training_detail
        run:
          mne_log_level: WARNING
          n_repetitions: 1
          random_state: 87
          n_jobs: 8
          use_azure_artifacts: false
          azure_artifact_root: 
            wasbs://mlflow-artifacts@medshedeegwinstack.blob.core.windows.net/experiments
          experiment_name: eeg_learning
        split:
          split_way: folder
          train_size: 0.8
          valid_size: 0.1
          test_size: 0.1
          shuffle: true
    outs:
    - path: metrics.json
      hash: md5
      md5: f15650917ce629bd1e5758aad440d39b
      size: 137
    - path: target/training_detail
      hash: md5
      md5: 44ce6d913b3565c7f8a8caf1bdcd0e34.dir
      size: 3034264
      nfiles: 5
  decision:
    cmd: uv run python -m eeg_learning.pipeline.decision
    deps:
    - path: target/training_detail
      hash: md5
      md5: 44ce6d913b3565c7f8a8caf1bdcd0e34.dir
      size: 3034264
      nfiles: 5
    params:
      eeg_learning/config/params.toml:
        decision:
          backend: mlp
          detail_path: ./target/training_detail
          csv_path: ./target/training_detail
          csv_result_path: ./target/decision_results.csv
          metrics_path: ./target/decision_metrics.json
          learning_rate: 0.01
          weight_decay: 0.01
          batch_size: 64
          n_epochs: 60
          n_repetitions: 5
          length: 10
          use_his: true
          use_hybrid: false
          adap_pool: false
          use_session_or_patients: ''
          hidden_layers: 0
          hidden_length: 5
          fix_testset: true
          train_ratio: 0.9072
          valid_ratio: 0.75
          start_row: 1
          n_rows: 4
          row_gap: 4
          block: 0
          xgboost:
            max_depth: 6
            learning_rate: 0.05
            n_estimators: 300
            subsample: 0.85
            colsample_bytree: 0.7
            min_child_weight: 1
            gamma: 0.0
            reg_alpha: 0.0
            reg_lambda: 1.0
            early_stopping_rounds: 30
            n_jobs: -1
            random_state: 87
        output.decision_models_path: ./target/saved_models/decision_model
        run:
          mne_log_level: WARNING
          n_repetitions: 1
          random_state: 87
          n_jobs: 8
          use_azure_artifacts: false
          azure_artifact_root: 
            wasbs://mlflow-artifacts@medshedeegwinstack.blob.core.windows.net/experiments
          experiment_name: eeg_learning
    outs:
    - path: target/decision_metrics.json
      hash: md5
      md5: 0ee0314e657c5f22ae923709c672263e
      size: 144
    - path: target/decision_results.csv
      hash: md5
      md5: 099bf06869df5429d824031af52a1c2d
      size: 720
    - path: target/saved_models/decision_model
      hash: md5
      md5: ac8b10313f8ff86e96c6cc083c1e27c6.dir
      size: 2812
      nfiles: 2
